
Microsoft Visual Studio Solution File, Format Version 12.00
# Visual Studio Version 17
VisualStudioVersion = 17.3.32922.545
MinimumVisualStudioVersion = 10.0.40219.1
Project("{FAE04EC0-301F-11D3-BF4B-00C04F79EFBC}") = "CROMA.API", "CROMA.API\CROMA.API.csproj", "{5B96A99D-A4FB-4101-81AB-B82FB8D52C73}"
EndProject
Global
	GlobalSection(SolutionConfigurationPlatforms) = preSolution
		Debug|Any CPU = Debug|Any CPU
		Release|Any CPU = Release|Any CPU
	EndGlobalSection
	GlobalSection(ProjectConfigurationPlatforms) = postSolution
		{5B96A99D-A4FB-4101-81AB-B82FB8D52C73}.Debug|Any CPU.ActiveCfg = Debug|Any CPU
		{5B96A99D-A4FB-4101-81AB-B82FB8D52C73}.Debug|Any CPU.Build.0 = Debug|Any CPU
		{5B96A99D-A4FB-4101-81AB-B82FB8D52C73}.Release|Any CPU.ActiveCfg = Release|Any CPU
		{5B96A99D-A4FB-4101-81AB-B82FB8D52C73}.Release|Any CPU.Build.0 = Release|Any CPU
	EndGlobalSection
	GlobalSection(SolutionProperties) = preSolution
		HideSolutionNode = FALSE
	EndGlobalSection
	GlobalSection(ExtensibilityGlobals) = postSolution
		SolutionGuid = {D87E3136-8C00-4639-BEE3-785D30FA822D}
	EndGlobalSection
EndGlobal
